github.com/tenz-io/notionapi v1.0.3 h1:Aj95gbICoaGl9E3uwyU83b2xwn8zB4zJ+c37sbmC78g=
github.com/tenz-io/notionapi v1.0.3/go.mod h1:FEHtpL6n1oI50ieGsEb4GD+1vwepn6/ddZ496fMNpKs=
github.com/yuin/goldmark v1.7.8 h1:iERMLn0/QJeHFhxSt3p6PeN9mGnvIKSpG9YYorDMnic=
github.com/yuin/goldmark v1.7.8/go.mod h1:uzxRWxtg69N339t3louHJ7+O03ezfj6PlliRlaOzY1E=
